
Microsoft Visual Studio Solution File, Format Version 12.00
# Visual Studio 15
VisualStudioVersion = 15.0.26730.15
MinimumVisualStudioVersion = 10.0.40219.1
Project("{FAE04EC0-301F-11D3-BF4B-00C04F79EFBC}") = "HardSeed", "HardSeed\HardSeed.csproj", "{A112F5F3-5A51-45E0-9EA5-ED1FC3108391}"
EndProject
Global
	GlobalSection(SolutionConfigurationPlatforms) = preSolution
		Debug|Any CPU = Debug|Any CPU
		Release|Any CPU = Release|Any CPU
	EndGlobalSection
	GlobalSection(ProjectConfigurationPlatforms) = postSolution
		{A112F5F3-5A51-45E0-9EA5-ED1FC3108391}.Debug|Any CPU.ActiveCfg = Debug|Any CPU
		{A112F5F3-5A51-45E0-9EA5-ED1FC3108391}.Debug|Any CPU.Build.0 = Debug|Any CPU
		{A112F5F3-5A51-45E0-9EA5-ED1FC3108391}.Release|Any CPU.ActiveCfg = Release|Any CPU
		{A112F5F3-5A51-45E0-9EA5-ED1FC3108391}.Release|Any CPU.Build.0 = Release|Any CPU
	EndGlobalSection
	GlobalSection(SolutionProperties) = preSolution
		HideSolutionNode = FALSE
	EndGlobalSection
	GlobalSection(ExtensibilityGlobals) = postSolution
		SolutionGuid = {BBFE8D48-D302-40CF-815F-10B7E7712A18}
	EndGlobalSection
EndGlobal
